
Microsoft Visual Studio Solution File, Format Version 12.00
# Visual Studio Version 16
VisualStudioVersion = 16.0.31129.286
MinimumVisualStudioVersion = 10.0.40219.1
Project("{FAE04EC0-301F-11D3-BF4B-00C04F79EFBC}") = "SaveBodendruck", "SaveBodendruck\SaveBodendruck.csproj", "{04AC2C47-F288-4DCC-8914-A545C0D298AA}"
EndProject
Global
	GlobalSection(SolutionConfigurationPlatforms) = preSolution
		Debug|Any CPU = Debug|Any CPU
		Release|Any CPU = Release|Any CPU
	EndGlobalSection
	GlobalSection(ProjectConfigurationPlatforms) = postSolution
		{04AC2C47-F288-4DCC-8914-A545C0D298AA}.Debug|Any CPU.ActiveCfg = Debug|Any CPU
		{04AC2C47-F288-4DCC-8914-A545C0D298AA}.Debug|Any CPU.Build.0 = Debug|Any CPU
		{04AC2C47-F288-4DCC-8914-A545C0D298AA}.Release|Any CPU.ActiveCfg = Release|Any CPU
		{04AC2C47-F288-4DCC-8914-A545C0D298AA}.Release|Any CPU.Build.0 = Release|Any CPU
	EndGlobalSection
	GlobalSection(SolutionProperties) = preSolution
		HideSolutionNode = FALSE
	EndGlobalSection
	GlobalSection(ExtensibilityGlobals) = postSolution
		SolutionGuid = {765A022E-239C-444E-ACCE-84A4509B3BC1}
	EndGlobalSection
EndGlobal
